
Microsoft Visual Studio Solution File, Format Version 12.00
# Visual Studio 15
VisualStudioVersion = 15.0.27004.2005
MinimumVisualStudioVersion = 10.0.40219.1
Project("{8BC9CEB8-8B4A-11D0-8D11-00A0C91BC942}") = "test_bond", "test_bond\test_bond.vcxproj", "{84517DED-DCAC-4900-B214-2AB169B79291}"
EndProject
Global
	GlobalSection(SolutionConfigurationPlatforms) = preSolution
		Debug|x64 = Debug|x64
		Debug|x86 = Debug|x86
		Release|x64 = Release|x64
		Release|x86 = Release|x86
	EndGlobalSection
	GlobalSection(ProjectConfigurationPlatforms) = postSolution
		{84517DED-DCAC-4900-B214-2AB169B79291}.Debug|x64.ActiveCfg = Debug|x64
		{84517DED-DCAC-4900-B214-2AB169B79291}.Debug|x64.Build.0 = Debug|x64
		{84517DED-DCAC-4900-B214-2AB169B79291}.Debug|x86.ActiveCfg = Debug|Win32
		{84517DED-DCAC-4900-B214-2AB169B79291}.Debug|x86.Build.0 = Debug|Win32
		{84517DED-DCAC-4900-B214-2AB169B79291}.Release|x64.ActiveCfg = Release|x64
		{84517DED-DCAC-4900-B214-2AB169B79291}.Release|x64.Build.0 = Release|x64
		{84517DED-DCAC-4900-B214-2AB169B79291}.Release|x86.ActiveCfg = Release|Win32
		{84517DED-DCAC-4900-B214-2AB169B79291}.Release|x86.Build.0 = Release|Win32
	EndGlobalSection
	GlobalSection(SolutionProperties) = preSolution
		HideSolutionNode = FALSE
	EndGlobalSection
	GlobalSection(ExtensibilityGlobals) = postSolution
		SolutionGuid = {4CF1F736-49D8-46F7-BD91-861674347F77}
	EndGlobalSection
EndGlobal
